
Microsoft Visual Studio Solution File, Format Version 12.00
# Visual Studio Version 17
VisualStudioVersion = 17.14.36511.14 d17.14
MinimumVisualStudioVersion = 10.0.40219.1
Project("{2150E333-8FDC-42A3-9474-1A3956D46DE8}") = "Task0", "Task0", "{02EA681E-C7D8-13C7-8484-4AC65E1B71E8}"
EndProject
Project("{FAE04EC0-301F-11D3-BF4B-00C04F79EFBC}") = "Tyuiu.OzdoevaLM.Sprint4.Task0.V29", "Tyuiu.OzdoevaLM.Sprint4.Task0.V29\Tyuiu.OzdoevaLM.Sprint4.Task0.V29.csproj", "{D8FEAB3C-198E-4695-8D02-A4E2C582892D}"
EndProject
Project("{FAE04EC0-301F-11D3-BF4B-00C04F79EFBC}") = "Tyuiu.OzdoevaLM.Sprint4.Task0.V29.Lib", "Tyuiu.OzdoevaLM.Sprint4.Task0.V29.Lib\Tyuiu.OzdoevaLM.Sprint4.Task0.V29.Lib.csproj", "{EC85BEE6-5434-4D9C-8E5A-BB9CDB31379E}"
EndProject
Project("{FAE04EC0-301F-11D3-BF4B-00C04F79EFBC}") = "Tyuiu.OzdoevaLM.Sprint4.Task0.V29.Test", "Tyuiu.OzdoevaLM.Sprint4.Task0.V29.Test\Tyuiu.OzdoevaLM.Sprint4.Task0.V29.Test.csproj", "{176ED782-F04C-4A21-AB77-F269BF4EDB90}"
EndProject
Project("{2150E333-8FDC-42A3-9474-1A3956D46DE8}") = "Task1", "Task1", "{32FF7CEF-2A34-4C83-80AD-DA561B2A9FBE}"
EndProject
Project("{FAE04EC0-301F-11D3-BF4B-00C04F79EFBC}") = "Tyuiu.OzdoevaLM.Sprint4.Task1.V29", "Tyuiu.OzdoevaLM.Sprint4.Task1.V29\Tyuiu.OzdoevaLM.Sprint4.Task1.V29.csproj", "{A32CD8A1-B1FF-4AE3-B2C5-AB075E0488B3}"
EndProject
Project("{FAE04EC0-301F-11D3-BF4B-00C04F79EFBC}") = "Tyuiu.OzdoevaLM.Sprint4.Task1.V29.Lib", "Tyuiu.OzdoevaLM.Sprint4.Task1.V29.Lib\Tyuiu.OzdoevaLM.Sprint4.Task1.V29.Lib.csproj", "{F4E333C6-6C54-40B6-A695-9F5C98754E3E}"
EndProject
Project("{FAE04EC0-301F-11D3-BF4B-00C04F79EFBC}") = "Tyuiu.OzdoevaLM.Sprint4.Task1.V29.Test", "Tyuiu.OzdoevaLM.Sprint4.Task1.V29.Test\Tyuiu.OzdoevaLM.Sprint4.Task1.V29.Test.csproj", "{44F7382B-A57A-4DEA-9B77-2AD44DF86B61}"
EndProject
Project("{2150E333-8FDC-42A3-9474-1A3956D46DE8}") = "Task2", "Task2", "{58C15072-4C69-447C-B9E5-F1057685E0CC}"
EndProject
Project("{FAE04EC0-301F-11D3-BF4B-00C04F79EFBC}") = "Tyuiu.OzdoevaLM.Sprint4.Task2.V2", "Tyuiu.OzdoevaLM.Sprint4.Task2.V2\Tyuiu.OzdoevaLM.Sprint4.Task2.V2.csproj", "{DDBB6001-5C91-4E61-9926-5F42F80DFB51}"
EndProject
Project("{FAE04EC0-301F-11D3-BF4B-00C04F79EFBC}") = "Tyuiu.OzdoevaLM.Sprint4.Task2.V2.Lib", "Tyuiu.OzdoevaLM.Sprint4.Task2.V2.Lib\Tyuiu.OzdoevaLM.Sprint4.Task2.V2.Lib.csproj", "{01FD9203-5A46-4D7E-8ABD-99747CE4B9CE}"
EndProject
Project("{FAE04EC0-301F-11D3-BF4B-00C04F79EFBC}") = "Tyuiu.OzdoevaLM.Sprint4.Task2.V2.Test", "Tyuiu.OzdoevaLM.Sprint4.Task2.V2.Test\Tyuiu.OzdoevaLM.Sprint4.Task2.V2.Test.csproj", "{C532F7F2-6B96-4D02-93D4-1D23D542AF62}"
EndProject
Project("{2150E333-8FDC-42A3-9474-1A3956D46DE8}") = "Task3", "Task3", "{BA15FD03-1A3E-4C6F-8D54-71435A86157E}"
EndProject
Project("{FAE04EC0-301F-11D3-BF4B-00C04F79EFBC}") = "Tyuiu.OzdoevaLM.Sprint4.Task3.V4", "Tyuiu.OzdoevaLM.Sprint4.Task3.V4\Tyuiu.OzdoevaLM.Sprint4.Task3.V4.csproj", "{12CB4151-2BE6-4ADB-B9A9-09F5EDB5C9FD}"
EndProject
Project("{FAE04EC0-301F-11D3-BF4B-00C04F79EFBC}") = "Tyuiu.OzdoevaLM.Sprint4.Task3.V4.Lib", "Tyuiu.OzdoevaLM.Sprint4.Task3.V4.Lib\Tyuiu.OzdoevaLM.Sprint4.Task3.V4.Lib.csproj", "{EA861C6C-746E-490E-BFBA-12CBDE275877}"
EndProject
Project("{FAE04EC0-301F-11D3-BF4B-00C04F79EFBC}") = "Tyuiu.OzdoevaLM.Sprint4.Task3.V4.Test", "Tyuiu.OzdoevaLM.Sprint4.Task3.V4.Test\Tyuiu.OzdoevaLM.Sprint4.Task3.V4.Test.csproj", "{970FF7E8-80DC-4233-9AC8-6A960014EC41}"
EndProject
Project("{2150E333-8FDC-42A3-9474-1A3956D46DE8}") = "Task4", "Task4", "{E4E017A6-E8DC-47E7-A12D-A0EFB71E617B}"
EndProject
Project("{FAE04EC0-301F-11D3-BF4B-00C04F79EFBC}") = "Tyuiu.OzdoevaLM.Sprint4.Task4.V15", "Tyuiu.OzdoevaLM.Sprint4.Task4.V15\Tyuiu.OzdoevaLM.Sprint4.Task4.V15.csproj", "{F3E56097-6897-4646-B25A-539000301F5B}"
EndProject
Project("{FAE04EC0-301F-11D3-BF4B-00C04F79EFBC}") = "Tyuiu.OzdoevaLM.Sprint4.Task4.V15.Lib", "Tyuiu.OzdoevaLM.Sprint4.Task4.V15.Lib\Tyuiu.OzdoevaLM.Sprint4.Task4.V15.Lib.csproj", "{CE645F06-9F49-4354-98DE-D98CB31C0857}"
EndProject
Project("{FAE04EC0-301F-11D3-BF4B-00C04F79EFBC}") = "Tyuiu.OzdoevaLM.Sprint4.Task4.V15.Test", "Tyuiu.OzdoevaLM.Sprint4.Task4.V15.Test\Tyuiu.OzdoevaLM.Sprint4.Task4.V15.Test.csproj", "{65C8AD7D-63A2-4101-B1CD-992B2774E9E0}"
EndProject
Project("{2150E333-8FDC-42A3-9474-1A3956D46DE8}") = "Task5", "Task5", "{B47F65EC-D703-4408-AC42-28A1D05D8249}"
EndProject
Project("{FAE04EC0-301F-11D3-BF4B-00C04F79EFBC}") = "Tyuiu.OzdoevaLM.Sprint4.Task5.V20", "Tyuiu.OzdoevaLM.Sprint4.Task5.V20\Tyuiu.OzdoevaLM.Sprint4.Task5.V20.csproj", "{A2B6CA78-85D1-4969-9F35-664206CBF054}"
EndProject
Project("{FAE04EC0-301F-11D3-BF4B-00C04F79EFBC}") = "Tyuiu.OzdoevaLM.Sprint4.Task5.V20.Lib", "Tyuiu.OzdoevaLM.Sprint4.Task5.V20.Lib\Tyuiu.OzdoevaLM.Sprint4.Task5.V20.Lib.csproj", "{E4F1C2E9-DD43-4CB9-AEFC-8EDFD7EBD05C}"
EndProject
Project("{FAE04EC0-301F-11D3-BF4B-00C04F79EFBC}") = "Tyuiu.OzdoevaLM.Sprint4.Task5.V20.Test", "Tyuiu.OzdoevaLM.Sprint4.Task5.V20.Test\Tyuiu.OzdoevaLM.Sprint4.Task5.V20.Test.csproj", "{90A5F8E8-C3DD-47EF-BBB5-DEBFDFC5D7B5}"
EndProject
Global
	GlobalSection(SolutionConfigurationPlatforms) = preSolution
		Debug|Any CPU = Debug|Any CPU
		Release|Any CPU = Release|Any CPU
	EndGlobalSection
	GlobalSection(ProjectConfigurationPlatforms) = postSolution
		{D8FEAB3C-198E-4695-8D02-A4E2C582892D}.Debug|Any CPU.ActiveCfg = Debug|Any CPU
		{D8FEAB3C-198E-4695-8D02-A4E2C582892D}.Debug|Any CPU.Build.0 = Debug|Any CPU
		{D8FEAB3C-198E-4695-8D02-A4E2C582892D}.Release|Any CPU.ActiveCfg = Release|Any CPU
		{D8FEAB3C-198E-4695-8D02-A4E2C582892D}.Release|Any CPU.Build.0 = Release|Any CPU
		{EC85BEE6-5434-4D9C-8E5A-BB9CDB31379E}.Debug|Any CPU.ActiveCfg = Debug|Any CPU
		{EC85BEE6-5434-4D9C-8E5A-BB9CDB31379E}.Debug|Any CPU.Build.0 = Debug|Any CPU
		{EC85BEE6-5434-4D9C-8E5A-BB9CDB31379E}.Release|Any CPU.ActiveCfg = Release|Any CPU
		{EC85BEE6-5434-4D9C-8E5A-BB9CDB31379E}.Release|Any CPU.Build.0 = Release|Any CPU
		{176ED782-F04C-4A21-AB77-F269BF4EDB90}.Debug|Any CPU.ActiveCfg = Debug|Any CPU
		{176ED782-F04C-4A21-AB77-F269BF4EDB90}.Debug|Any CPU.Build.0 = Debug|Any CPU
		{176ED782-F04C-4A21-AB77-F269BF4EDB90}.Release|Any CPU.ActiveCfg = Release|Any CPU
		{176ED782-F04C-4A21-AB77-F269BF4EDB90}.Release|Any CPU.Build.0 = Release|Any CPU
		{A32CD8A1-B1FF-4AE3-B2C5-AB075E0488B3}.Debug|Any CPU.ActiveCfg = Debug|Any CPU
		{A32CD8A1-B1FF-4AE3-B2C5-AB075E0488B3}.Debug|Any CPU.Build.0 = Debug|Any CPU
		{A32CD8A1-B1FF-4AE3-B2C5-AB075E0488B3}.Release|Any CPU.ActiveCfg = Release|Any CPU
		{A32CD8A1-B1FF-4AE3-B2C5-AB075E0488B3}.Release|Any CPU.Build.0 = Release|Any CPU
		{F4E333C6-6C54-40B6-A695-9F5C98754E3E}.Debug|Any CPU.ActiveCfg = Debug|Any CPU
		{F4E333C6-6C54-40B6-A695-9F5C98754E3E}.Debug|Any CPU.Build.0 = Debug|Any CPU
		{F4E333C6-6C54-40B6-A695-9F5C98754E3E}.Release|Any CPU.ActiveCfg = Release|Any CPU
		{F4E333C6-6C54-40B6-A695-9F5C98754E3E}.Release|Any CPU.Build.0 = Release|Any CPU
		{44F7382B-A57A-4DEA-9B77-2AD44DF86B61}.Debug|Any CPU.ActiveCfg = Debug|Any CPU
		{44F7382B-A57A-4DEA-9B77-2AD44DF86B61}.Debug|Any CPU.Build.0 = Debug|Any CPU
		{44F7382B-A57A-4DEA-9B77-2AD44DF86B61}.Release|Any CPU.ActiveCfg = Release|Any CPU
		{44F7382B-A57A-4DEA-9B77-2AD44DF86B61}.Release|Any CPU.Build.0 = Release|Any CPU
		{DDBB6001-5C91-4E61-9926-5F42F80DFB51}.Debug|Any CPU.ActiveCfg = Debug|Any CPU
		{DDBB6001-5C91-4E61-9926-5F42F80DFB51}.Debug|Any CPU.Build.0 = Debug|Any CPU
		{DDBB6001-5C91-4E61-9926-5F42F80DFB51}.Release|Any CPU.ActiveCfg = Release|Any CPU
		{DDBB6001-5C91-4E61-9926-5F42F80DFB51}.Release|Any CPU.Build.0 = Release|Any CPU
		{01FD9203-5A46-4D7E-8ABD-99747CE4B9CE}.Debug|Any CPU.ActiveCfg = Debug|Any CPU
		{01FD9203-5A46-4D7E-8ABD-99747CE4B9CE}.Debug|Any CPU.Build.0 = Debug|Any CPU
		{01FD9203-5A46-4D7E-8ABD-99747CE4B9CE}.Release|Any CPU.ActiveCfg = Release|Any CPU
		{01FD9203-5A46-4D7E-8ABD-99747CE4B9CE}.Release|Any CPU.Build.0 = Release|Any CPU
		{C532F7F2-6B96-4D02-93D4-1D23D542AF62}.Debug|Any CPU.ActiveCfg = Debug|Any CPU
		{C532F7F2-6B96-4D02-93D4-1D23D542AF62}.Debug|Any CPU.Build.0 = Debug|Any CPU
		{C532F7F2-6B96-4D02-93D4-1D23D542AF62}.Release|Any CPU.ActiveCfg = Release|Any CPU
		{C532F7F2-6B96-4D02-93D4-1D23D542AF62}.Release|Any CPU.Build.0 = Release|Any CPU
		{12CB4151-2BE6-4ADB-B9A9-09F5EDB5C9FD}.Debug|Any CPU.ActiveCfg = Debug|Any CPU
		{12CB4151-2BE6-4ADB-B9A9-09F5EDB5C9FD}.Debug|Any CPU.Build.0 = Debug|Any CPU
		{12CB4151-2BE6-4ADB-B9A9-09F5EDB5C9FD}.Release|Any CPU.ActiveCfg = Release|Any CPU
		{12CB4151-2BE6-4ADB-B9A9-09F5EDB5C9FD}.Release|Any CPU.Build.0 = Release|Any CPU
		{EA861C6C-746E-490E-BFBA-12CBDE275877}.Debug|Any CPU.ActiveCfg = Debug|Any CPU
		{EA861C6C-746E-490E-BFBA-12CBDE275877}.Debug|Any CPU.Build.0 = Debug|Any CPU
		{EA861C6C-746E-490E-BFBA-12CBDE275877}.Release|Any CPU.ActiveCfg = Release|Any CPU
		{EA861C6C-746E-490E-BFBA-12CBDE275877}.Release|Any CPU.Build.0 = Release|Any CPU
		{970FF7E8-80DC-4233-9AC8-6A960014EC41}.Debug|Any CPU.ActiveCfg = Debug|Any CPU
		{970FF7E8-80DC-4233-9AC8-6A960014EC41}.Debug|Any CPU.Build.0 = Debug|Any CPU
		{970FF7E8-80DC-4233-9AC8-6A960014EC41}.Release|Any CPU.ActiveCfg = Release|Any CPU
		{970FF7E8-80DC-4233-9AC8-6A960014EC41}.Release|Any CPU.Build.0 = Release|Any CPU
		{F3E56097-6897-4646-B25A-539000301F5B}.Debug|Any CPU.ActiveCfg = Debug|Any CPU
		{F3E56097-6897-4646-B25A-539000301F5B}.Debug|Any CPU.Build.0 = Debug|Any CPU
		{F3E56097-6897-4646-B25A-539000301F5B}.Release|Any CPU.ActiveCfg = Release|Any CPU
		{F3E56097-6897-4646-B25A-539000301F5B}.Release|Any CPU.Build.0 = Release|Any CPU
		{CE645F06-9F49-4354-98DE-D98CB31C0857}.Debug|Any CPU.ActiveCfg = Debug|Any CPU
		{CE645F06-9F49-4354-98DE-D98CB31C0857}.Debug|Any CPU.Build.0 = Debug|Any CPU
		{CE645F06-9F49-4354-98DE-D98CB31C0857}.Release|Any CPU.ActiveCfg = Release|Any CPU
		{CE645F06-9F49-4354-98DE-D98CB31C0857}.Release|Any CPU.Build.0 = Release|Any CPU
		{65C8AD7D-63A2-4101-B1CD-992B2774E9E0}.Debug|Any CPU.ActiveCfg = Debug|Any CPU
		{65C8AD7D-63A2-4101-B1CD-992B2774E9E0}.Debug|Any CPU.Build.0 = Debug|Any CPU
		{65C8AD7D-63A2-4101-B1CD-992B2774E9E0}.Release|Any CPU.ActiveCfg = Release|Any CPU
		{65C8AD7D-63A2-4101-B1CD-992B2774E9E0}.Release|Any CPU.Build.0 = Release|Any CPU
		{A2B6CA78-85D1-4969-9F35-664206CBF054}.Debug|Any CPU.ActiveCfg = Debug|Any CPU
		{A2B6CA78-85D1-4969-9F35-664206CBF054}.Debug|Any CPU.Build.0 = Debug|Any CPU
		{A2B6CA78-85D1-4969-9F35-664206CBF054}.Release|Any CPU.ActiveCfg = Release|Any CPU
		{A2B6CA78-85D1-4969-9F35-664206CBF054}.Release|Any CPU.Build.0 = Release|Any CPU
		{E4F1C2E9-DD43-4CB9-AEFC-8EDFD7EBD05C}.Debug|Any CPU.ActiveCfg = Debug|Any CPU
		{E4F1C2E9-DD43-4CB9-AEFC-8EDFD7EBD05C}.Debug|Any CPU.Build.0 = Debug|Any CPU
		{E4F1C2E9-DD43-4CB9-AEFC-8EDFD7EBD05C}.Release|Any CPU.ActiveCfg = Release|Any CPU
		{E4F1C2E9-DD43-4CB9-AEFC-8EDFD7EBD05C}.Release|Any CPU.Build.0 = Release|Any CPU
		{90A5F8E8-C3DD-47EF-BBB5-DEBFDFC5D7B5}.Debug|Any CPU.ActiveCfg = Debug|Any CPU
		{90A5F8E8-C3DD-47EF-BBB5-DEBFDFC5D7B5}.Debug|Any CPU.Build.0 = Debug|Any CPU
		{90A5F8E8-C3DD-47EF-BBB5-DEBFDFC5D7B5}.Release|Any CPU.ActiveCfg = Release|Any CPU
		{90A5F8E8-C3DD-47EF-BBB5-DEBFDFC5D7B5}.Release|Any CPU.Build.0 = Release|Any CPU
	EndGlobalSection
	GlobalSection(SolutionProperties) = preSolution
		HideSolutionNode = FALSE
	EndGlobalSection
	GlobalSection(NestedProjects) = preSolution
		{D8FEAB3C-198E-4695-8D02-A4E2C582892D} = {02EA681E-C7D8-13C7-8484-4AC65E1B71E8}
		{EC85BEE6-5434-4D9C-8E5A-BB9CDB31379E} = {02EA681E-C7D8-13C7-8484-4AC65E1B71E8}
		{176ED782-F04C-4A21-AB77-F269BF4EDB90} = {02EA681E-C7D8-13C7-8484-4AC65E1B71E8}
		{A32CD8A1-B1FF-4AE3-B2C5-AB075E0488B3} = {32FF7CEF-2A34-4C83-80AD-DA561B2A9FBE}
		{F4E333C6-6C54-40B6-A695-9F5C98754E3E} = {32FF7CEF-2A34-4C83-80AD-DA561B2A9FBE}
		{44F7382B-A57A-4DEA-9B77-2AD44DF86B61} = {32FF7CEF-2A34-4C83-80AD-DA561B2A9FBE}
		{DDBB6001-5C91-4E61-9926-5F42F80DFB51} = {58C15072-4C69-447C-B9E5-F1057685E0CC}
		{01FD9203-5A46-4D7E-8ABD-99747CE4B9CE} = {58C15072-4C69-447C-B9E5-F1057685E0CC}
		{C532F7F2-6B96-4D02-93D4-1D23D542AF62} = {58C15072-4C69-447C-B9E5-F1057685E0CC}
		{12CB4151-2BE6-4ADB-B9A9-09F5EDB5C9FD} = {BA15FD03-1A3E-4C6F-8D54-71435A86157E}
		{EA861C6C-746E-490E-BFBA-12CBDE275877} = {BA15FD03-1A3E-4C6F-8D54-71435A86157E}
		{970FF7E8-80DC-4233-9AC8-6A960014EC41} = {BA15FD03-1A3E-4C6F-8D54-71435A86157E}
		{F3E56097-6897-4646-B25A-539000301F5B} = {E4E017A6-E8DC-47E7-A12D-A0EFB71E617B}
		{CE645F06-9F49-4354-98DE-D98CB31C0857} = {E4E017A6-E8DC-47E7-A12D-A0EFB71E617B}
		{65C8AD7D-63A2-4101-B1CD-992B2774E9E0} = {E4E017A6-E8DC-47E7-A12D-A0EFB71E617B}
		{A2B6CA78-85D1-4969-9F35-664206CBF054} = {B47F65EC-D703-4408-AC42-28A1D05D8249}
		{E4F1C2E9-DD43-4CB9-AEFC-8EDFD7EBD05C} = {B47F65EC-D703-4408-AC42-28A1D05D8249}
		{90A5F8E8-C3DD-47EF-BBB5-DEBFDFC5D7B5} = {B47F65EC-D703-4408-AC42-28A1D05D8249}
	EndGlobalSection
	GlobalSection(ExtensibilityGlobals) = postSolution
		SolutionGuid = {378335B4-65AD-4CEA-AA8E-3C13F1295A31}
	EndGlobalSection
EndGlobal
